
Microsoft Visual Studio Solution File, Format Version 12.00
# Visual Studio Version 17
VisualStudioVersion = 17.11.35327.3
MinimumVisualStudioVersion = 10.0.40219.1
Project("{9A19103F-16F7-4668-BE54-9A1E7A4F7556}") = "FullStackDemo.WebApi", "FullStackDemo.WebApi\FullStackDemo.WebApi.csproj", "{5366DC0C-9120-4FE7-B73F-C3579397DF1B}"
EndProject
Project("{9A19103F-16F7-4668-BE54-9A1E7A4F7556}") = "FullStackDemo.Domain", "FullStackDemo.Domain\FullStackDemo.Domain.csproj", "{1079A19B-4CB4-4298-9D0D-4A0BB140254C}"
EndProject
Project("{9A19103F-16F7-4668-BE54-9A1E7A4F7556}") = "FullStackDemo.Infrastructure", "FullStackDemo.Infrastructure\FullStackDemo.Infrastructure.csproj", "{B3C98ECE-B70A-4788-9AD4-5F60B4564677}"
EndProject
Project("{9A19103F-16F7-4668-BE54-9A1E7A4F7556}") = "FullStackDemo.ApplicationService", "FullStackDemo.ApplicationService\FullStackDemo.ApplicationService.csproj", "{83C4325F-0CBA-4139-BE92-43CD9F504042}"
EndProject
Project("{00D1A9C2-B5F0-4AF3-8072-F6C62B433612}") = "FullStackDemo.SQL.GundamDb", "FullStackDemo.SQL.GundamDb\FullStackDemo.SQL.GundamDb.sqlproj", "{1DCBBE87-F5A6-4173-B38C-685974EDF056}"
EndProject
Project("{FAE04EC0-301F-11D3-BF4B-00C04F79EFBC}") = "FullStackDemo.Common", "FullStackDemo.Common\FullStackDemo.Common.csproj", "{5A6CE958-90CE-4D4C-9ACB-469D30465F8A}"
EndProject
Global
	GlobalSection(SolutionConfigurationPlatforms) = preSolution
		Debug|Any CPU = Debug|Any CPU
		Release|Any CPU = Release|Any CPU
	EndGlobalSection
	GlobalSection(ProjectConfigurationPlatforms) = postSolution
		{5366DC0C-9120-4FE7-B73F-C3579397DF1B}.Debug|Any CPU.ActiveCfg = Debug|Any CPU
		{5366DC0C-9120-4FE7-B73F-C3579397DF1B}.Debug|Any CPU.Build.0 = Debug|Any CPU
		{5366DC0C-9120-4FE7-B73F-C3579397DF1B}.Release|Any CPU.ActiveCfg = Release|Any CPU
		{5366DC0C-9120-4FE7-B73F-C3579397DF1B}.Release|Any CPU.Build.0 = Release|Any CPU
		{1079A19B-4CB4-4298-9D0D-4A0BB140254C}.Debug|Any CPU.ActiveCfg = Debug|Any CPU
		{1079A19B-4CB4-4298-9D0D-4A0BB140254C}.Debug|Any CPU.Build.0 = Debug|Any CPU
		{1079A19B-4CB4-4298-9D0D-4A0BB140254C}.Release|Any CPU.ActiveCfg = Release|Any CPU
		{1079A19B-4CB4-4298-9D0D-4A0BB140254C}.Release|Any CPU.Build.0 = Release|Any CPU
		{B3C98ECE-B70A-4788-9AD4-5F60B4564677}.Debug|Any CPU.ActiveCfg = Debug|Any CPU
		{B3C98ECE-B70A-4788-9AD4-5F60B4564677}.Debug|Any CPU.Build.0 = Debug|Any CPU
		{B3C98ECE-B70A-4788-9AD4-5F60B4564677}.Release|Any CPU.ActiveCfg = Release|Any CPU
		{B3C98ECE-B70A-4788-9AD4-5F60B4564677}.Release|Any CPU.Build.0 = Release|Any CPU
		{83C4325F-0CBA-4139-BE92-43CD9F504042}.Debug|Any CPU.ActiveCfg = Debug|Any CPU
		{83C4325F-0CBA-4139-BE92-43CD9F504042}.Debug|Any CPU.Build.0 = Debug|Any CPU
		{83C4325F-0CBA-4139-BE92-43CD9F504042}.Release|Any CPU.ActiveCfg = Release|Any CPU
		{83C4325F-0CBA-4139-BE92-43CD9F504042}.Release|Any CPU.Build.0 = Release|Any CPU
		{1DCBBE87-F5A6-4173-B38C-685974EDF056}.Debug|Any CPU.ActiveCfg = Debug|Any CPU
		{1DCBBE87-F5A6-4173-B38C-685974EDF056}.Debug|Any CPU.Build.0 = Debug|Any CPU
		{1DCBBE87-F5A6-4173-B38C-685974EDF056}.Debug|Any CPU.Deploy.0 = Debug|Any CPU
		{1DCBBE87-F5A6-4173-B38C-685974EDF056}.Release|Any CPU.ActiveCfg = Release|Any CPU
		{1DCBBE87-F5A6-4173-B38C-685974EDF056}.Release|Any CPU.Build.0 = Release|Any CPU
		{1DCBBE87-F5A6-4173-B38C-685974EDF056}.Release|Any CPU.Deploy.0 = Release|Any CPU
		{5A6CE958-90CE-4D4C-9ACB-469D30465F8A}.Debug|Any CPU.ActiveCfg = Debug|Any CPU
		{5A6CE958-90CE-4D4C-9ACB-469D30465F8A}.Debug|Any CPU.Build.0 = Debug|Any CPU
		{5A6CE958-90CE-4D4C-9ACB-469D30465F8A}.Release|Any CPU.ActiveCfg = Release|Any CPU
		{5A6CE958-90CE-4D4C-9ACB-469D30465F8A}.Release|Any CPU.Build.0 = Release|Any CPU
	EndGlobalSection
	GlobalSection(SolutionProperties) = preSolution
		HideSolutionNode = FALSE
	EndGlobalSection
	GlobalSection(ExtensibilityGlobals) = postSolution
		SolutionGuid = {48F90842-B05E-4116-86D3-A6F174484268}
	EndGlobalSection
EndGlobal
